
Microsoft Visual Studio Solution File, Format Version 12.00
# Visual Studio 15
VisualStudioVersion = 15.0.27703.2042
MinimumVisualStudioVersion = 10.0.40219.1
Project("{FAE04EC0-301F-11D3-BF4B-00C04F79EFBC}") = "JLA-Project", "JLA-Project\JLA-Project.csproj", "{75CE5F8A-0BF8-417B-A058-9B838F14EFEE}"
EndProject
Project("{FAE04EC0-301F-11D3-BF4B-00C04F79EFBC}") = "JLA-Project.Tests", "JLA-Project.Tests\JLA-Project.Tests.csproj", "{39D0FAAB-02BF-4079-A0B1-21F05FABA1AE}"
EndProject
Global
	GlobalSection(SolutionConfigurationPlatforms) = preSolution
		Debug|Any CPU = Debug|Any CPU
		Release|Any CPU = Release|Any CPU
	EndGlobalSection
	GlobalSection(ProjectConfigurationPlatforms) = postSolution
		{75CE5F8A-0BF8-417B-A058-9B838F14EFEE}.Debug|Any CPU.ActiveCfg = Debug|Any CPU
		{75CE5F8A-0BF8-417B-A058-9B838F14EFEE}.Debug|Any CPU.Build.0 = Debug|Any CPU
		{75CE5F8A-0BF8-417B-A058-9B838F14EFEE}.Release|Any CPU.ActiveCfg = Release|Any CPU
		{75CE5F8A-0BF8-417B-A058-9B838F14EFEE}.Release|Any CPU.Build.0 = Release|Any CPU
		{39D0FAAB-02BF-4079-A0B1-21F05FABA1AE}.Debug|Any CPU.ActiveCfg = Debug|Any CPU
		{39D0FAAB-02BF-4079-A0B1-21F05FABA1AE}.Debug|Any CPU.Build.0 = Debug|Any CPU
		{39D0FAAB-02BF-4079-A0B1-21F05FABA1AE}.Release|Any CPU.ActiveCfg = Release|Any CPU
		{39D0FAAB-02BF-4079-A0B1-21F05FABA1AE}.Release|Any CPU.Build.0 = Release|Any CPU
	EndGlobalSection
	GlobalSection(SolutionProperties) = preSolution
		HideSolutionNode = FALSE
	EndGlobalSection
	GlobalSection(ExtensibilityGlobals) = postSolution
		SolutionGuid = {37E2B98A-13AF-4529-9DBF-4DD06C4F8767}
	EndGlobalSection
EndGlobal
